
Microsoft Visual Studio Solution File, Format Version 12.00
# Visual Studio Version 17
VisualStudioVersion = 17.4.33213.308
MinimumVisualStudioVersion = 10.0.40219.1
Project("{FAE04EC0-301F-11D3-BF4B-00C04F79EFBC}") = "RevitAPITraining_FurnitureArrangement", "RevitAPITraining_FurnitureArrangement\RevitAPITraining_FurnitureArrangement.csproj", "{749E2AEA-96E8-4126-8E64-60579038FE03}"
EndProject
Global
	GlobalSection(SolutionConfigurationPlatforms) = preSolution
		Debug|Any CPU = Debug|Any CPU
		Release|Any CPU = Release|Any CPU
	EndGlobalSection
	GlobalSection(ProjectConfigurationPlatforms) = postSolution
		{749E2AEA-96E8-4126-8E64-60579038FE03}.Debug|Any CPU.ActiveCfg = Debug|Any CPU
		{749E2AEA-96E8-4126-8E64-60579038FE03}.Debug|Any CPU.Build.0 = Debug|Any CPU
		{749E2AEA-96E8-4126-8E64-60579038FE03}.Release|Any CPU.ActiveCfg = Release|Any CPU
		{749E2AEA-96E8-4126-8E64-60579038FE03}.Release|Any CPU.Build.0 = Release|Any CPU
	EndGlobalSection
	GlobalSection(SolutionProperties) = preSolution
		HideSolutionNode = FALSE
	EndGlobalSection
	GlobalSection(ExtensibilityGlobals) = postSolution
		SolutionGuid = {D863F9D3-9151-4E1C-B8E9-C7F290855EE8}
	EndGlobalSection
EndGlobal
